// !$*UTF8*$!
{
	archiveVersion = 1;
	classes = {
	};
	objectVersion = 77;
	objects = {

/* Begin PBXBuildFile section */
		114F39F35366C1C7B734B202 /* AppStateTests.swift in Sources */ = {isa = PBXBuildFile; fileRef = CE246D40ED546091519BE1C1 /* AppStateTests.swift */; };
		2B8422DB5A1F4AA083CCAA4A /* MemoriaRepositoryTests.swift in Sources */ = {isa = PBXBuildFile; fileRef = EA22A23038D6465DA4F63A5B /* MemoriaRepositoryTests.swift */; };
		4AEBB6CDCE5342E2A4BC455A /* StubRepository.swift in Sources */ = {isa = PBXBuildFile; fileRef = 5EAA570B8A3A40248B7B7384 /* StubRepository.swift */; };
		6D11D4B37D344BC88BA690C9 /* FileRecordFixtures.swift in Sources */ = {isa = PBXBuildFile; fileRef = 3EAD161098C34EE2A297ED29 /* FileRecordFixtures.swift */; };
		B1D483FEA8043E8C235E70E7 /* Cocoa.framework in Frameworks */ = {isa = PBXBuildFile; fileRef = 7A723A5D47776CF219370A27 /* Cocoa.framework */; };
/* End PBXBuildFile section */

/* Begin PBXContainerItemProxy section */
		262C4AD0A7FBF59A023747C2 /* PBXContainerItemProxy */ = {
			isa = PBXContainerItemProxy;
			containerPortal = 55C350DB2FB3784B0010515E /* Project object */;
			proxyType = 1;
			remoteGlobalIDString = 55C350E22FB3784B0010515E;
			remoteInfo = memoria;
		};
/* End PBXContainerItemProxy section */

/* Begin PBXFileReference section */
		262EC9887E3D8C5B3EBFB28E /* memoriaTests.xctest */ = {isa = PBXFileReference; explicitFileType = wrapper.cfbundle; includeInIndex = 0; path = memoriaTests.xctest; sourceTree = BUILT_PRODUCTS_DIR; };
		3EAD161098C34EE2A297ED29 /* FileRecordFixtures.swift */ = {isa = PBXFileReference; lastKnownFileType = sourcecode.swift; path = FileRecordFixtures.swift; sourceTree = "<group>"; };
		55C350E32FB3784B0010515E /* memoria.app */ = {isa = PBXFileReference; explicitFileType = wrapper.application; includeInIndex = 0; path = memoria.app; sourceTree = BUILT_PRODUCTS_DIR; };
		5EAA570B8A3A40248B7B7384 /* StubRepository.swift */ = {isa = PBXFileReference; lastKnownFileType = sourcecode.swift; path = StubRepository.swift; sourceTree = "<group>"; };
		7A723A5D47776CF219370A27 /* Cocoa.framework */ = {isa = PBXFileReference; lastKnownFileType = wrapper.framework; path = Cocoa.framework; sourceTree = SDKROOT; };
		CE246D40ED546091519BE1C1 /* AppStateTests.swift */ = {isa = PBXFileReference; includeInIndex = 1; lastKnownFileType = sourcecode.swift; path = AppStateTests.swift; sourceTree = "<group>"; };
		EA22A23038D6465DA4F63A5B /* MemoriaRepositoryTests.swift */ = {isa = PBXFileReference; lastKnownFileType = sourcecode.swift; path = MemoriaRepositoryTests.swift; sourceTree = "<group>"; };
/* End PBXFileReference section */

/* Begin PBXFileSystemSynchronizedRootGroup section */
		55C350E52FB3784B0010515E /* memoria */ = {
			isa = PBXFileSystemSynchronizedRootGroup;
			path = memoria;
			sourceTree = "<group>";
		};
/* End PBXFileSystemSynchronizedRootGroup section */

/* Begin PBXFrameworksBuildPhase section */
		55C350E02FB3784B0010515E /* Frameworks */ = {
			isa = PBXFrameworksBuildPhase;
			buildActionMask = 2147483647;
			files = (
			);
			runOnlyForDeploymentPostprocessing = 0;
		};
		B0ADFB0690413C13B0FA2313 /* Frameworks */ = {
			isa = PBXFrameworksBuildPhase;
			buildActionMask = 2147483647;
			files = (
				B1D483FEA8043E8C235E70E7 /* Cocoa.framework in Frameworks */,
			);
			runOnlyForDeploymentPostprocessing = 0;
		};
/* End PBXFrameworksBuildPhase section */

/* Begin PBXGroup section */
		03B5FD3A16DD0911EAB341C6 /* memoriaTests */ = {
			isa = PBXGroup;
			children = (
				CE246D40ED546091519BE1C1 /* AppStateTests.swift */,
				EA22A23038D6465DA4F63A5B /* MemoriaRepositoryTests.swift */,
				9F79CE4719F44A6A82A46998 /* TestSupport */,
			);
			path = memoriaTests;
			sourceTree = "<group>";
		};
		55C350DA2FB3784B0010515E = {
			isa = PBXGroup;
			children = (
				55C350E52FB3784B0010515E /* memoria */,
				55C350E42FB3784B0010515E /* Products */,
				DF5E84E672FCFD61E826A7C9 /* Frameworks */,
				03B5FD3A16DD0911EAB341C6 /* memoriaTests */,
			);
			sourceTree = "<group>";
		};
		55C350E42FB3784B0010515E /* Products */ = {
			isa = PBXGroup;
			children = (
				55C350E32FB3784B0010515E /* memoria.app */,
				262EC9887E3D8C5B3EBFB28E /* memoriaTests.xctest */,
			);
			name = Products;
			sourceTree = "<group>";
		};
		7E621CD5996B46F6AE9BB35D /* OS X */ = {
			isa = PBXGroup;
			children = (
				7A723A5D47776CF219370A27 /* Cocoa.framework */,
			);
			name = "OS X";
			sourceTree = "<group>";
		};
		9F79CE4719F44A6A82A46998 /* TestSupport */ = {
			isa = PBXGroup;
			children = (
				3EAD161098C34EE2A297ED29 /* FileRecordFixtures.swift */,
				5EAA570B8A3A40248B7B7384 /* StubRepository.swift */,
			);
			path = TestSupport;
			sourceTree = "<group>";
		};
		DF5E84E672FCFD61E826A7C9 /* Frameworks */ = {
			isa = PBXGroup;
			children = (
				7E621CD5996B46F6AE9BB35D /* OS X */,
			);
			name = Frameworks;
			sourceTree = "<group>";
		};
/* End PBXGroup section */

/* Begin PBXNativeTarget section */
		01EFA55EBED7BE539CAABCE4 /* memoriaTests */ = {
			isa = PBXNativeTarget;
			buildConfigurationList = ECD7D632311C0EDEFC5ED45F /* Build configuration list for PBXNativeTarget "memoriaTests" */;
			buildPhases = (
				0A316DC04EFA3E83F5F00D1C /* Sources */,
				B0ADFB0690413C13B0FA2313 /* Frameworks */,
				876EB1505D8E905C00660F87 /* Resources */,
			);
			buildRules = (
			);
			dependencies = (
				8C1402EA9DE5E2ADD8E410E7 /* PBXTargetDependency */,
			);
			name = memoriaTests;
			productName = memoriaTests;
			productReference = 262EC9887E3D8C5B3EBFB28E /* memoriaTests.xctest */;
			productType = "com.apple.product-type.bundle.unit-test";
		};
		55C350E22FB3784B0010515E /* memoria */ = {
			isa = PBXNativeTarget;
			buildConfigurationList = 55C350EE2FB3784D0010515E /* Build configuration list for PBXNativeTarget "memoria" */;
			buildPhases = (
				55C350DF2FB3784B0010515E /* Sources */,
				55C350E02FB3784B0010515E /* Frameworks */,
				55C350E12FB3784B0010515E /* Resources */,
			);
			buildRules = (
			);
			dependencies = (
			);
			fileSystemSynchronizedGroups = (
				55C350E52FB3784B0010515E /* memoria */,
			);
			name = memoria;
			productName = memoria;
			productReference = 55C350E32FB3784B0010515E /* memoria.app */;
			productType = "com.apple.product-type.application";
		};
/* End PBXNativeTarget section */

/* Begin PBXProject section */
		55C350DB2FB3784B0010515E /* Project object */ = {
			isa = PBXProject;
			attributes = {
				BuildIndependentTargetsInParallel = 1;
				LastSwiftUpdateCheck = 2640;
				LastUpgradeCheck = 2640;
				TargetAttributes = {
					55C350E22FB3784B0010515E = {
						CreatedOnToolsVersion = 26.4.1;
					};
				};
			};
			buildConfigurationList = 55C350DE2FB3784B0010515E /* Build configuration list for PBXProject "memoria" */;
			developmentRegion = en;
			hasScannedForEncodings = 0;
			knownRegions = (
				en,
				Base,
			);
			mainGroup = 55C350DA2FB3784B0010515E;
			minimizedProjectReferenceProxies = 1;
			preferredProjectObjectVersion = 77;
			productRefGroup = 55C350E42FB3784B0010515E /* Products */;
			projectDirPath = "";
			projectRoot = "";
			targets = (
				55C350E22FB3784B0010515E /* memoria */,
				01EFA55EBED7BE539CAABCE4 /* memoriaTests */,
			);
		};
/* End PBXProject section */

/* Begin PBXResourcesBuildPhase section */
		55C350E12FB3784B0010515E /* Resources */ = {
			isa = PBXResourcesBuildPhase;
			buildActionMask = 2147483647;
			files = (
			);
			runOnlyForDeploymentPostprocessing = 0;
		};
		876EB1505D8E905C00660F87 /* Resources */ = {
			isa = PBXResourcesBuildPhase;
			buildActionMask = 2147483647;
			files = (
			);
			runOnlyForDeploymentPostprocessing = 0;
		};
/* End PBXResourcesBuildPhase section */

/* Begin PBXSourcesBuildPhase section */
		0A316DC04EFA3E83F5F00D1C /* Sources */ = {
			isa = PBXSourcesBuildPhase;
			buildActionMask = 2147483647;
			files = (
				114F39F35366C1C7B734B202 /* AppStateTests.swift in Sources */,
				2B8422DB5A1F4AA083CCAA4A /* MemoriaRepositoryTests.swift in Sources */,
				4AEBB6CDCE5342E2A4BC455A /* StubRepository.swift in Sources */,
				6D11D4B37D344BC88BA690C9 /* FileRecordFixtures.swift in Sources */,
			);
			runOnlyForDeploymentPostprocessing = 0;
		};
		55C350DF2FB3784B0010515E /* Sources */ = {
			isa = PBXSourcesBuildPhase;
			buildActionMask = 2147483647;
			files = (
			);
			runOnlyForDeploymentPostprocessing = 0;
		};
/* End PBXSourcesBuildPhase section */

/* Begin PBXTargetDependency section */
		8C1402EA9DE5E2ADD8E410E7 /* PBXTargetDependency */ = {
			isa = PBXTargetDependency;
			name = memoria;
			target = 55C350E22FB3784B0010515E /* memoria */;
			targetProxy = 262C4AD0A7FBF59A023747C2 /* PBXContainerItemProxy */;
		};
/* End PBXTargetDependency section */

/* Begin XCBuildConfiguration section */
		55C350EC2FB3784D0010515E /* Debug */ = {
			isa = XCBuildConfiguration;
			buildSettings = {
				ALWAYS_SEARCH_USER_PATHS = NO;
				ASSETCATALOG_COMPILER_GENERATE_SWIFT_ASSET_SYMBOL_EXTENSIONS = YES;
				CLANG_ANALYZER_NONNULL = YES;
				CLANG_ANALYZER_NUMBER_OBJECT_CONVERSION = YES_AGGRESSIVE;
				CLANG_CXX_LANGUAGE_STANDARD = "gnu++20";
				CLANG_ENABLE_MODULES = YES;
				CLANG_ENABLE_OBJC_ARC = YES;
				CLANG_ENABLE_OBJC_WEAK = YES;
				CLANG_WARN_BLOCK_CAPTURE_AUTORELEASING = YES;
				CLANG_WARN_BOOL_CONVERSION = YES;
				CLANG_WARN_COMMA = YES;
				CLANG_WARN_CONSTANT_CONVERSION = YES;
				CLANG_WARN_DEPRECATED_OBJC_IMPLEMENTATIONS = YES;
				CLANG_WARN_DIRECT_OBJC_ISA_USAGE = YES_ERROR;
				CLANG_WARN_DOCUMENTATION_COMMENTS = YES;
				CLANG_WARN_EMPTY_BODY = YES;
				CLANG_WARN_ENUM_CONVERSION = YES;
				CLANG_WARN_INFINITE_RECURSION = YES;
				CLANG_WARN_INT_CONVERSION = YES;
				CLANG_WARN_NON_LITERAL_NULL_CONVERSION = YES;
				CLANG_WARN_OBJC_IMPLICIT_RETAIN_SELF = YES;
				CLANG_WARN_OBJC_LITERAL_CONVERSION = YES;
				CLANG_WARN_OBJC_ROOT_CLASS = YES_ERROR;
				CLANG_WARN_QUOTED_INCLUDE_IN_FRAMEWORK_HEADER = YES;
				CLANG_WARN_RANGE_LOOP_ANALYSIS = YES;
				CLANG_WARN_STRICT_PROTOTYPES = YES;
				CLANG_WARN_SUSPICIOUS_MOVE = YES;
				CLANG_WARN_UNGUARDED_AVAILABILITY = YES_AGGRESSIVE;
				CLANG_WARN_UNREACHABLE_CODE = YES;
				CLANG_WARN__DUPLICATE_METHOD_MATCH = YES;
				COPY_PHASE_STRIP = NO;
				DEBUG_INFORMATION_FORMAT = dwarf;
				ENABLE_STRICT_OBJC_MSGSEND = YES;
				ENABLE_TESTABILITY = YES;
				ENABLE_USER_SCRIPT_SANDBOXING = YES;
				GCC_C_LANGUAGE_STANDARD = gnu17;
				GCC_DYNAMIC_NO_PIC = NO;
				GCC_NO_COMMON_BLOCKS = YES;
				GCC_OPTIMIZATION_LEVEL = 0;
				GCC_PREPROCESSOR_DEFINITIONS = (
					"DEBUG=1",
					"$(inherited)",
				);
				GCC_WARN_64_TO_32_BIT_CONVERSION = YES;
				GCC_WARN_ABOUT_RETURN_TYPE = YES_ERROR;
				GCC_WARN_UNDECLARED_SELECTOR = YES;
				GCC_WARN_UNINITIALIZED_AUTOS = YES_AGGRESSIVE;
				GCC_WARN_UNUSED_FUNCTION = YES;
				GCC_WARN_UNUSED_VARIABLE = YES;
				LOCALIZATION_PREFERS_STRING_CATALOGS = YES;
				MACOSX_DEPLOYMENT_TARGET = 26.3;
				MTL_ENABLE_DEBUG_INFO = INCLUDE_SOURCE;
				MTL_FAST_MATH = YES;
				ONLY_ACTIVE_ARCH = YES;
				SDKROOT = macosx;
				SWIFT_ACTIVE_COMPILATION_CONDITIONS = "DEBUG $(inherited)";
				SWIFT_OPTIMIZATION_LEVEL = "-Onone";
			};
			name = Debug;
		};
		55C350ED2FB3784D0010515E /* Release */ = {
			isa = XCBuildConfiguration;
			buildSettings = {
				ALWAYS_SEARCH_USER_PATHS = NO;
				ASSETCATALOG_COMPILER_GENERATE_SWIFT_ASSET_SYMBOL_EXTENSIONS = YES;
				CLANG_ANALYZER_NONNULL = YES;
				CLANG_ANALYZER_NUMBER_OBJECT_CONVERSION = YES_AGGRESSIVE;
				CLANG_CXX_LANGUAGE_STANDARD = "gnu++20";
				CLANG_ENABLE_MODULES = YES;
				CLANG_ENABLE_OBJC_ARC = YES;
				CLANG_ENABLE_OBJC_WEAK = YES;
				CLANG_WARN_BLOCK_CAPTURE_AUTORELEASING = YES;
				CLANG_WARN_BOOL_CONVERSION = YES;
				CLANG_WARN_COMMA = YES;
				CLANG_WARN_CONSTANT_CONVERSION = YES;
				CLANG_WARN_DEPRECATED_OBJC_IMPLEMENTATIONS = YES;
				CLANG_WARN_DIRECT_OBJC_ISA_USAGE = YES_ERROR;
				CLANG_WARN_DOCUMENTATION_COMMENTS = YES;
				CLANG_WARN_EMPTY_BODY = YES;
				CLANG_WARN_ENUM_CONVERSION = YES;
				CLANG_WARN_INFINITE_RECURSION = YES;
				CLANG_WARN_INT_CONVERSION = YES;
				CLANG_WARN_NON_LITERAL_NULL_CONVERSION = YES;
				CLANG_WARN_OBJC_IMPLICIT_RETAIN_SELF = YES;
				CLANG_WARN_OBJC_LITERAL_CONVERSION = YES;
				CLANG_WARN_OBJC_ROOT_CLASS = YES_ERROR;
				CLANG_WARN_QUOTED_INCLUDE_IN_FRAMEWORK_HEADER = YES;
				CLANG_WARN_RANGE_LOOP_ANALYSIS = YES;
				CLANG_WARN_STRICT_PROTOTYPES = YES;
				CLANG_WARN_SUSPICIOUS_MOVE = YES;
				CLANG_WARN_UNGUARDED_AVAILABILITY = YES_AGGRESSIVE;
				CLANG_WARN_UNREACHABLE_CODE = YES;
				CLANG_WARN__DUPLICATE_METHOD_MATCH = YES;
				COPY_PHASE_STRIP = NO;
				DEBUG_INFORMATION_FORMAT = "dwarf-with-dsym";
				ENABLE_NS_ASSERTIONS = NO;
				ENABLE_STRICT_OBJC_MSGSEND = YES;
				ENABLE_USER_SCRIPT_SANDBOXING = YES;
				GCC_C_LANGUAGE_STANDARD = gnu17;
				GCC_NO_COMMON_BLOCKS = YES;
				GCC_WARN_64_TO_32_BIT_CONVERSION = YES;
				GCC_WARN_ABOUT_RETURN_TYPE = YES_ERROR;
				GCC_WARN_UNDECLARED_SELECTOR = YES;
				GCC_WARN_UNINITIALIZED_AUTOS = YES_AGGRESSIVE;
				GCC_WARN_UNUSED_FUNCTION = YES;
				GCC_WARN_UNUSED_VARIABLE = YES;
				LOCALIZATION_PREFERS_STRING_CATALOGS = YES;
				MACOSX_DEPLOYMENT_TARGET = 26.3;
				MTL_ENABLE_DEBUG_INFO = NO;
				MTL_FAST_MATH = YES;
				SDKROOT = macosx;
				SWIFT_COMPILATION_MODE = wholemodule;
			};
			name = Release;
		};
		55C350EF2FB3784D0010515E /* Debug */ = {
			isa = XCBuildConfiguration;
			buildSettings = {
				ASSETCATALOG_COMPILER_APPICON_NAME = AppIcon;
				ASSETCATALOG_COMPILER_GLOBAL_ACCENT_COLOR_NAME = AccentColor;
				CODE_SIGN_STYLE = Automatic;
				COMBINE_HIDPI_IMAGES = YES;
				CURRENT_PROJECT_VERSION = 1;
				ENABLE_APP_SANDBOX = YES;
				ENABLE_PREVIEWS = YES;
				ENABLE_USER_SELECTED_FILES = readonly;
				GENERATE_INFOPLIST_FILE = YES;
				INFOPLIST_KEY_CFBundleDisplayName = Memoria;
				INFOPLIST_KEY_NSHumanReadableCopyright = "";
				LD_RUNPATH_SEARCH_PATHS = (
					"$(inherited)",
					"@executable_path/../Frameworks",
				);
				MARKETING_VERSION = 1.0;
				PRODUCT_BUNDLE_IDENTIFIER = com.memoria.macos.app.memoria;
				PRODUCT_NAME = "$(TARGET_NAME)";
				REGISTER_APP_GROUPS = YES;
				STRING_CATALOG_GENERATE_SYMBOLS = YES;
				SWIFT_APPROACHABLE_CONCURRENCY = YES;
				SWIFT_DEFAULT_ACTOR_ISOLATION = None;
				SWIFT_EMIT_LOC_STRINGS = YES;
				SWIFT_UPCOMING_FEATURE_MEMBER_IMPORT_VISIBILITY = YES;
				SWIFT_VERSION = 5.0;
			};
			name = Debug;
		};
		55C350F02FB3784D0010515E /* Release */ = {
			isa = XCBuildConfiguration;
			buildSettings = {
				ASSETCATALOG_COMPILER_APPICON_NAME = AppIcon;
				ASSETCATALOG_COMPILER_GLOBAL_ACCENT_COLOR_NAME = AccentColor;
				CODE_SIGN_STYLE = Automatic;
				COMBINE_HIDPI_IMAGES = YES;
				CURRENT_PROJECT_VERSION = 1;
				ENABLE_APP_SANDBOX = YES;
				ENABLE_PREVIEWS = YES;
				ENABLE_USER_SELECTED_FILES = readonly;
				GENERATE_INFOPLIST_FILE = YES;
				INFOPLIST_KEY_CFBundleDisplayName = Memoria;
				INFOPLIST_KEY_NSHumanReadableCopyright = "";
				LD_RUNPATH_SEARCH_PATHS = (
					"$(inherited)",
					"@executable_path/../Frameworks",
				);
				MARKETING_VERSION = 1.0;
				PRODUCT_BUNDLE_IDENTIFIER = com.memoria.macos.app.memoria;
				PRODUCT_NAME = "$(TARGET_NAME)";
				REGISTER_APP_GROUPS = YES;
				STRING_CATALOG_GENERATE_SYMBOLS = YES;
				SWIFT_APPROACHABLE_CONCURRENCY = YES;
				SWIFT_DEFAULT_ACTOR_ISOLATION = None;
				SWIFT_EMIT_LOC_STRINGS = YES;
				SWIFT_UPCOMING_FEATURE_MEMBER_IMPORT_VISIBILITY = YES;
				SWIFT_VERSION = 5.0;
			};
			name = Release;
		};
		640FDC9614C39B7C47589F25 /* Debug */ = {
			isa = XCBuildConfiguration;
			buildSettings = {
				BUNDLE_LOADER = "";
				CODE_SIGN_STYLE = Automatic;
				CURRENT_PROJECT_VERSION = 1;
				GENERATE_INFOPLIST_FILE = YES;
				LD_RUNPATH_SEARCH_PATHS = (
					"$(inherited)",
					"$(BUILT_PRODUCTS_DIR)/memoria.app/Contents/MacOS",
				);
				MACOSX_DEPLOYMENT_TARGET = 26.3;
				MARKETING_VERSION = 1.0;
				OTHER_LDFLAGS = (
					"$(inherited)",
					"$(BUILT_PRODUCTS_DIR)/memoria.app/Contents/MacOS/memoria.debug.dylib",
				);
				PRODUCT_BUNDLE_IDENTIFIER = com.memoria.macos.app.memoria.memoriaTests;
				PRODUCT_NAME = "$(TARGET_NAME)";
				SDKROOT = macosx;
				SWIFT_EMIT_LOC_STRINGS = NO;
				SWIFT_VERSION = 5.0;
				TEST_HOST = "";
			};
			name = Debug;
		};
		A98E49DBF1326F7A94113A06 /* Release */ = {
			isa = XCBuildConfiguration;
			buildSettings = {
				BUNDLE_LOADER = "";
				CODE_SIGN_STYLE = Automatic;
				CURRENT_PROJECT_VERSION = 1;
				GENERATE_INFOPLIST_FILE = YES;
				LD_RUNPATH_SEARCH_PATHS = (
					"$(inherited)",
					"$(BUILT_PRODUCTS_DIR)/memoria.app/Contents/MacOS",
				);
				MACOSX_DEPLOYMENT_TARGET = 26.3;
				MARKETING_VERSION = 1.0;
				OTHER_LDFLAGS = (
					"$(inherited)",
					"$(BUILT_PRODUCTS_DIR)/memoria.app/Contents/MacOS/memoria.debug.dylib",
				);
				PRODUCT_BUNDLE_IDENTIFIER = com.memoria.macos.app.memoria.memoriaTests;
				PRODUCT_NAME = "$(TARGET_NAME)";
				SDKROOT = macosx;
				SWIFT_EMIT_LOC_STRINGS = NO;
				SWIFT_VERSION = 5.0;
				TEST_HOST = "";
			};
			name = Release;
		};
/* End XCBuildConfiguration section */

/* Begin XCConfigurationList section */
		55C350DE2FB3784B0010515E /* Build configuration list for PBXProject "memoria" */ = {
			isa = XCConfigurationList;
			buildConfigurations = (
				55C350EC2FB3784D0010515E /* Debug */,
				55C350ED2FB3784D0010515E /* Release */,
			);
			defaultConfigurationIsVisible = 0;
			defaultConfigurationName = Release;
		};
		55C350EE2FB3784D0010515E /* Build configuration list for PBXNativeTarget "memoria" */ = {
			isa = XCConfigurationList;
			buildConfigurations = (
				55C350EF2FB3784D0010515E /* Debug */,
				55C350F02FB3784D0010515E /* Release */,
			);
			defaultConfigurationIsVisible = 0;
			defaultConfigurationName = Release;
		};
		ECD7D632311C0EDEFC5ED45F /* Build configuration list for PBXNativeTarget "memoriaTests" */ = {
			isa = XCConfigurationList;
			buildConfigurations = (
				A98E49DBF1326F7A94113A06 /* Release */,
				640FDC9614C39B7C47589F25 /* Debug */,
			);
			defaultConfigurationIsVisible = 0;
			defaultConfigurationName = Release;
		};
/* End XCConfigurationList section */
	};
	rootObject = 55C350DB2FB3784B0010515E /* Project object */;
}
